
Microsoft Visual Studio Solution File, Format Version 12.00
# Visual Studio Version 17
VisualStudioVersion = 17.5.33424.131
MinimumVisualStudioVersion = 10.0.40219.1
Project("{FAE04EC0-301F-11D3-BF4B-00C04F79EFBC}") = "RoboDog", "RoboDog\RoboDog.csproj", "{3FFAFCAF-1462-4D9C-90CA-BF8BB564AEB1}"
EndProject
Global
	GlobalSection(SolutionConfigurationPlatforms) = preSolution
		Debug|Any CPU = Debug|Any CPU
		Release|Any CPU = Release|Any CPU
	EndGlobalSection
	GlobalSection(ProjectConfigurationPlatforms) = postSolution
		{3FFAFCAF-1462-4D9C-90CA-BF8BB564AEB1}.Debug|Any CPU.ActiveCfg = Debug|Any CPU
		{3FFAFCAF-1462-4D9C-90CA-BF8BB564AEB1}.Debug|Any CPU.Build.0 = Debug|Any CPU
		{3FFAFCAF-1462-4D9C-90CA-BF8BB564AEB1}.Release|Any CPU.ActiveCfg = Release|Any CPU
		{3FFAFCAF-1462-4D9C-90CA-BF8BB564AEB1}.Release|Any CPU.Build.0 = Release|Any CPU
	EndGlobalSection
	GlobalSection(SolutionProperties) = preSolution
		HideSolutionNode = FALSE
	EndGlobalSection
	GlobalSection(ExtensibilityGlobals) = postSolution
		SolutionGuid = {21BDBA8D-494F-4A14-830D-91B001DBCC68}
	EndGlobalSection
EndGlobal
